// !$*UTF8*$!
{
	archiveVersion = 1;
	classes = {
	};
	objectVersion = 56;
	objects = {

/* Begin PBXBuildFile section */
		E7DEF1392A85CBF6001E562A /* Simple_CalculatorApp.swift in Sources */ = {isa = PBXBuildFile; fileRef = E7DEF1382A85CBF6001E562A /* Simple_CalculatorApp.swift */; };
		E7DEF13B2A85CBF6001E562A /* ContentView.swift in Sources */ = {isa = PBXBuildFile; fileRef = E7DEF13A2A85CBF6001E562A /* ContentView.swift */; };
		E7DEF13D2A85CBF7001E562A /* Assets.xcassets in Resources */ = {isa = PBXBuildFile; fileRef = E7DEF13C2A85CBF7001E562A /* Assets.xcassets */; };
		E7DEF1402A85CBF7001E562A /* Preview Assets.xcassets in Resources */ = {isa = PBXBuildFile; fileRef = E7DEF13F2A85CBF7001E562A /* Preview Assets.xcassets */; };
		E7DEF14A2A85CBF7001E562A /* Simple_CalculatorTests.swift in Sources */ = {isa = PBXBuildFile; fileRef = E7DEF1492A85CBF7001E562A /* Simple_CalculatorTests.swift */; };
		E7DEF1542A85CBF7001E562A /* Simple_CalculatorUITests.swift in Sources */ = {isa = PBXBuildFile; fileRef = E7DEF1532A85CBF7001E562A /* Simple_CalculatorUITests.swift */; };
		E7DEF1562A85CBF7001E562A /* Simple_CalculatorUITestsLaunchTests.swift in Sources */ = {isa = PBXBuildFile; fileRef = E7DEF1552A85CBF7001E562A /* Simple_CalculatorUITestsLaunchTests.swift */; };
		E7DEF1642A85F2B8001E562A /* CalcButton.swift in Sources */ = {isa = PBXBuildFile; fileRef = E7DEF1632A85F2B8001E562A /* CalcButton.swift */; };
		E7DEF1672A85F337001E562A /* CalcColors.swift in Sources */ = {isa = PBXBuildFile; fileRef = E7DEF1662A85F337001E562A /* CalcColors.swift */; };
		E7DEF1692A85F535001E562A /* Constants.swift in Sources */ = {isa = PBXBuildFile; fileRef = E7DEF1682A85F535001E562A /* Constants.swift */; };
		E7DEF16B2A85F651001E562A /* ResultBoard.swift in Sources */ = {isa = PBXBuildFile; fileRef = E7DEF16A2A85F651001E562A /* ResultBoard.swift */; };
		E7DEF16D2A85FDD1001E562A /* Inter.ttf in Resources */ = {isa = PBXBuildFile; fileRef = E7DEF16C2A85FDD1001E562A /* Inter.ttf */; };
		E7DEF1712A872D0C001E562A /* ButtonType.swift in Sources */ = {isa = PBXBuildFile; fileRef = E7DEF1702A872D0C001E562A /* ButtonType.swift */; };
		E7FF2FF92A8752A400A9473C /* CalcViewModel.swift in Sources */ = {isa = PBXBuildFile; fileRef = E7FF2FF82A8752A300A9473C /* CalcViewModel.swift */; };
/* End PBXBuildFile section */

/* Begin PBXContainerItemProxy section */
		E7DEF1462A85CBF7001E562A /* PBXContainerItemProxy */ = {
			isa = PBXContainerItemProxy;
			containerPortal = E7DEF12D2A85CBF6001E562A /* Project object */;
			proxyType = 1;
			remoteGlobalIDString = E7DEF1342A85CBF6001E562A;
			remoteInfo = "Simple Calculator";
		};
		E7DEF1502A85CBF7001E562A /* PBXContainerItemProxy */ = {
			isa = PBXContainerItemProxy;
			containerPortal = E7DEF12D2A85CBF6001E562A /* Project object */;
			proxyType = 1;
			remoteGlobalIDString = E7DEF1342A85CBF6001E562A;
			remoteInfo = "Simple Calculator";
		};
/* End PBXContainerItemProxy section */

/* Begin PBXFileReference section */
		E7DEF1352A85CBF6001E562A /* Simple Calculator.app */ = {isa = PBXFileReference; explicitFileType = wrapper.application; includeInIndex = 0; path = "Simple Calculator.app"; sourceTree = BUILT_PRODUCTS_DIR; };
		E7DEF1382A85CBF6001E562A /* Simple_CalculatorApp.swift */ = {isa = PBXFileReference; lastKnownFileType = sourcecode.swift; path = Simple_CalculatorApp.swift; sourceTree = "<group>"; };
		E7DEF13A2A85CBF6001E562A /* ContentView.swift */ = {isa = PBXFileReference; lastKnownFileType = sourcecode.swift; path = ContentView.swift; sourceTree = "<group>"; };
		E7DEF13C2A85CBF7001E562A /* Assets.xcassets */ = {isa = PBXFileReference; lastKnownFileType = folder.assetcatalog; path = Assets.xcassets; sourceTree = "<group>"; };
		E7DEF13F2A85CBF7001E562A /* Preview Assets.xcassets */ = {isa = PBXFileReference; lastKnownFileType = folder.assetcatalog; path = "Preview Assets.xcassets"; sourceTree = "<group>"; };
		E7DEF1452A85CBF7001E562A /* Simple CalculatorTests.xctest */ = {isa = PBXFileReference; explicitFileType = wrapper.cfbundle; includeInIndex = 0; path = "Simple CalculatorTests.xctest"; sourceTree = BUILT_PRODUCTS_DIR; };
		E7DEF1492A85CBF7001E562A /* Simple_CalculatorTests.swift */ = {isa = PBXFileReference; lastKnownFileType = sourcecode.swift; path = Simple_CalculatorTests.swift; sourceTree = "<group>"; };
		E7DEF14F2A85CBF7001E562A /* Simple CalculatorUITests.xctest */ = {isa = PBXFileReference; explicitFileType = wrapper.cfbundle; includeInIndex = 0; path = "Simple CalculatorUITests.xctest"; sourceTree = BUILT_PRODUCTS_DIR; };
		E7DEF1532A85CBF7001E562A /* Simple_CalculatorUITests.swift */ = {isa = PBXFileReference; lastKnownFileType = sourcecode.swift; path = Simple_CalculatorUITests.swift; sourceTree = "<group>"; };
		E7DEF1552A85CBF7001E562A /* Simple_CalculatorUITestsLaunchTests.swift */ = {isa = PBXFileReference; lastKnownFileType = sourcecode.swift; path = Simple_CalculatorUITestsLaunchTests.swift; sourceTree = "<group>"; };
		E7DEF1632A85F2B8001E562A /* CalcButton.swift */ = {isa = PBXFileReference; lastKnownFileType = sourcecode.swift; path = CalcButton.swift; sourceTree = "<group>"; };
		E7DEF1662A85F337001E562A /* CalcColors.swift */ = {isa = PBXFileReference; lastKnownFileType = sourcecode.swift; path = CalcColors.swift; sourceTree = "<group>"; };
		E7DEF1682A85F535001E562A /* Constants.swift */ = {isa = PBXFileReference; lastKnownFileType = sourcecode.swift; path = Constants.swift; sourceTree = "<group>"; };
		E7DEF16A2A85F651001E562A /* ResultBoard.swift */ = {isa = PBXFileReference; lastKnownFileType = sourcecode.swift; path = ResultBoard.swift; sourceTree = "<group>"; };
		E7DEF16C2A85FDD1001E562A /* Inter.ttf */ = {isa = PBXFileReference; lastKnownFileType = file; path = Inter.ttf; sourceTree = "<group>"; };
		E7DEF16F2A85FE2A001E562A /* Simple-Calculator-Info.plist */ = {isa = PBXFileReference; lastKnownFileType = text.plist; path = "Simple-Calculator-Info.plist"; sourceTree = SOURCE_ROOT; };
		E7DEF1702A872D0C001E562A /* ButtonType.swift */ = {isa = PBXFileReference; lastKnownFileType = sourcecode.swift; path = ButtonType.swift; sourceTree = "<group>"; };
		E7FF2FF82A8752A300A9473C /* CalcViewModel.swift */ = {isa = PBXFileReference; lastKnownFileType = sourcecode.swift; path = CalcViewModel.swift; sourceTree = "<group>"; };
/* End PBXFileReference section */

/* Begin PBXFrameworksBuildPhase section */
		E7DEF1322A85CBF6001E562A /* Frameworks */ = {
			isa = PBXFrameworksBuildPhase;
			buildActionMask = 2147483647;
			files = (
			);
			runOnlyForDeploymentPostprocessing = 0;
		};
		E7DEF1422A85CBF7001E562A /* Frameworks */ = {
			isa = PBXFrameworksBuildPhase;
			buildActionMask = 2147483647;
			files = (
			);
			runOnlyForDeploymentPostprocessing = 0;
		};
		E7DEF14C2A85CBF7001E562A /* Frameworks */ = {
			isa = PBXFrameworksBuildPhase;
			buildActionMask = 2147483647;
			files = (
			);
			runOnlyForDeploymentPostprocessing = 0;
		};
/* End PBXFrameworksBuildPhase section */

/* Begin PBXGroup section */
		E7DEF12C2A85CBF6001E562A = {
			isa = PBXGroup;
			children = (
				E7DEF1372A85CBF6001E562A /* Simple Calculator */,
				E7DEF1482A85CBF7001E562A /* Simple CalculatorTests */,
				E7DEF1522A85CBF7001E562A /* Simple CalculatorUITests */,
				E7DEF1362A85CBF6001E562A /* Products */,
			);
			sourceTree = "<group>";
		};
		E7DEF1362A85CBF6001E562A /* Products */ = {
			isa = PBXGroup;
			children = (
				E7DEF1352A85CBF6001E562A /* Simple Calculator.app */,
				E7DEF1452A85CBF7001E562A /* Simple CalculatorTests.xctest */,
				E7DEF14F2A85CBF7001E562A /* Simple CalculatorUITests.xctest */,
			);
			name = Products;
			sourceTree = "<group>";
		};
		E7DEF1372A85CBF6001E562A /* Simple Calculator */ = {
			isa = PBXGroup;
			children = (
				E7FF2FF72A87528000A9473C /* ViewModel */,
				E7DEF16F2A85FE2A001E562A /* Simple-Calculator-Info.plist */,
				E7DEF16E2A85FDEE001E562A /* Fonts */,
				E7DEF1652A85F32A001E562A /* Common */,
				E7DEF1622A85F2A4001E562A /* Components */,
				E7DEF1382A85CBF6001E562A /* Simple_CalculatorApp.swift */,
				E7DEF13A2A85CBF6001E562A /* ContentView.swift */,
				E7DEF13C2A85CBF7001E562A /* Assets.xcassets */,
				E7DEF13E2A85CBF7001E562A /* Preview Content */,
			);
			path = "Simple Calculator";
			sourceTree = "<group>";
		};
		E7DEF13E2A85CBF7001E562A /* Preview Content */ = {
			isa = PBXGroup;
			children = (
				E7DEF13F2A85CBF7001E562A /* Preview Assets.xcassets */,
			);
			path = "Preview Content";
			sourceTree = "<group>";
		};
		E7DEF1482A85CBF7001E562A /* Simple CalculatorTests */ = {
			isa = PBXGroup;
			children = (
				E7DEF1492A85CBF7001E562A /* Simple_CalculatorTests.swift */,
			);
			path = "Simple CalculatorTests";
			sourceTree = "<group>";
		};
		E7DEF1522A85CBF7001E562A /* Simple CalculatorUITests */ = {
			isa = PBXGroup;
			children = (
				E7DEF1532A85CBF7001E562A /* Simple_CalculatorUITests.swift */,
				E7DEF1552A85CBF7001E562A /* Simple_CalculatorUITestsLaunchTests.swift */,
			);
			path = "Simple CalculatorUITests";
			sourceTree = "<group>";
		};
		E7DEF1622A85F2A4001E562A /* Components */ = {
			isa = PBXGroup;
			children = (
				E7DEF1632A85F2B8001E562A /* CalcButton.swift */,
				E7DEF16A2A85F651001E562A /* ResultBoard.swift */,
			);
			path = Components;
			sourceTree = "<group>";
		};
		E7DEF1652A85F32A001E562A /* Common */ = {
			isa = PBXGroup;
			children = (
				E7DEF1662A85F337001E562A /* CalcColors.swift */,
				E7DEF1682A85F535001E562A /* Constants.swift */,
				E7DEF1702A872D0C001E562A /* ButtonType.swift */,
			);
			path = Common;
			sourceTree = "<group>";
		};
		E7DEF16E2A85FDEE001E562A /* Fonts */ = {
			isa = PBXGroup;
			children = (
				E7DEF16C2A85FDD1001E562A /* Inter.ttf */,
			);
			path = Fonts;
			sourceTree = "<group>";
		};
		E7FF2FF72A87528000A9473C /* ViewModel */ = {
			isa = PBXGroup;
			children = (
				E7FF2FF82A8752A300A9473C /* CalcViewModel.swift */,
			);
			path = ViewModel;
			sourceTree = "<group>";
		};
/* End PBXGroup section */

/* Begin PBXNativeTarget section */
		E7DEF1342A85CBF6001E562A /* Simple Calculator */ = {
			isa = PBXNativeTarget;
			buildConfigurationList = E7DEF1592A85CBF7001E562A /* Build configuration list for PBXNativeTarget "Simple Calculator" */;
			buildPhases = (
				E7DEF1312A85CBF6001E562A /* Sources */,
				E7DEF1322A85CBF6001E562A /* Frameworks */,
				E7DEF1332A85CBF6001E562A /* Resources */,
			);
			buildRules = (
			);
			dependencies = (
			);
			name = "Simple Calculator";
			productName = "Simple Calculator";
			productReference = E7DEF1352A85CBF6001E562A /* Simple Calculator.app */;
			productType = "com.apple.product-type.application";
		};
		E7DEF1442A85CBF7001E562A /* Simple CalculatorTests */ = {
			isa = PBXNativeTarget;
			buildConfigurationList = E7DEF15C2A85CBF7001E562A /* Build configuration list for PBXNativeTarget "Simple CalculatorTests" */;
			buildPhases = (
				E7DEF1412A85CBF7001E562A /* Sources */,
				E7DEF1422A85CBF7001E562A /* Frameworks */,
				E7DEF1432A85CBF7001E562A /* Resources */,
			);
			buildRules = (
			);
			dependencies = (
				E7DEF1472A85CBF7001E562A /* PBXTargetDependency */,
			);
			name = "Simple CalculatorTests";
			productName = "Simple CalculatorTests";
			productReference = E7DEF1452A85CBF7001E562A /* Simple CalculatorTests.xctest */;
			productType = "com.apple.product-type.bundle.unit-test";
		};
		E7DEF14E2A85CBF7001E562A /* Simple CalculatorUITests */ = {
			isa = PBXNativeTarget;
			buildConfigurationList = E7DEF15F2A85CBF7001E562A /* Build configuration list for PBXNativeTarget "Simple CalculatorUITests" */;
			buildPhases = (
				E7DEF14B2A85CBF7001E562A /* Sources */,
				E7DEF14C2A85CBF7001E562A /* Frameworks */,
				E7DEF14D2A85CBF7001E562A /* Resources */,
			);
			buildRules = (
			);
			dependencies = (
				E7DEF1512A85CBF7001E562A /* PBXTargetDependency */,
			);
			name = "Simple CalculatorUITests";
			productName = "Simple CalculatorUITests";
			productReference = E7DEF14F2A85CBF7001E562A /* Simple CalculatorUITests.xctest */;
			productType = "com.apple.product-type.bundle.ui-testing";
		};
/* End PBXNativeTarget section */

/* Begin PBXProject section */
		E7DEF12D2A85CBF6001E562A /* Project object */ = {
			isa = PBXProject;
			attributes = {
				BuildIndependentTargetsInParallel = 1;
				LastSwiftUpdateCheck = 1430;
				LastUpgradeCheck = 1430;
				TargetAttributes = {
					E7DEF1342A85CBF6001E562A = {
						CreatedOnToolsVersion = 14.3.1;
					};
					E7DEF1442A85CBF7001E562A = {
						CreatedOnToolsVersion = 14.3.1;
						TestTargetID = E7DEF1342A85CBF6001E562A;
					};
					E7DEF14E2A85CBF7001E562A = {
						CreatedOnToolsVersion = 14.3.1;
						TestTargetID = E7DEF1342A85CBF6001E562A;
					};
				};
			};
			buildConfigurationList = E7DEF1302A85CBF6001E562A /* Build configuration list for PBXProject "Simple Calculator" */;
			compatibilityVersion = "Xcode 14.0";
			developmentRegion = en;
			hasScannedForEncodings = 0;
			knownRegions = (
				en,
				Base,
			);
			mainGroup = E7DEF12C2A85CBF6001E562A;
			productRefGroup = E7DEF1362A85CBF6001E562A /* Products */;
			projectDirPath = "";
			projectRoot = "";
			targets = (
				E7DEF1342A85CBF6001E562A /* Simple Calculator */,
				E7DEF1442A85CBF7001E562A /* Simple CalculatorTests */,
				E7DEF14E2A85CBF7001E562A /* Simple CalculatorUITests */,
			);
		};
/* End PBXProject section */

/* Begin PBXResourcesBuildPhase section */
		E7DEF1332A85CBF6001E562A /* Resources */ = {
			isa = PBXResourcesBuildPhase;
			buildActionMask = 2147483647;
			files = (
				E7DEF1402A85CBF7001E562A /* Preview Assets.xcassets in Resources */,
				E7DEF16D2A85FDD1001E562A /* Inter.ttf in Resources */,
				E7DEF13D2A85CBF7001E562A /* Assets.xcassets in Resources */,
			);
			runOnlyForDeploymentPostprocessing = 0;
		};
		E7DEF1432A85CBF7001E562A /* Resources */ = {
			isa = PBXResourcesBuildPhase;
			buildActionMask = 2147483647;
			files = (
			);
			runOnlyForDeploymentPostprocessing = 0;
		};
		E7DEF14D2A85CBF7001E562A /* Resources */ = {
			isa = PBXResourcesBuildPhase;
			buildActionMask = 2147483647;
			files = (
			);
			runOnlyForDeploymentPostprocessing = 0;
		};
/* End PBXResourcesBuildPhase section */

/* Begin PBXSourcesBuildPhase section */
		E7DEF1312A85CBF6001E562A /* Sources */ = {
			isa = PBXSourcesBuildPhase;
			buildActionMask = 2147483647;
			files = (
				E7DEF1692A85F535001E562A /* Constants.swift in Sources */,
				E7DEF13B2A85CBF6001E562A /* ContentView.swift in Sources */,
				E7DEF1672A85F337001E562A /* CalcColors.swift in Sources */,
				E7DEF1642A85F2B8001E562A /* CalcButton.swift in Sources */,
				E7DEF1712A872D0C001E562A /* ButtonType.swift in Sources */,
				E7FF2FF92A8752A400A9473C /* CalcViewModel.swift in Sources */,
				E7DEF1392A85CBF6001E562A /* Simple_CalculatorApp.swift in Sources */,
				E7DEF16B2A85F651001E562A /* ResultBoard.swift in Sources */,
			);
			runOnlyForDeploymentPostprocessing = 0;
		};
		E7DEF1412A85CBF7001E562A /* Sources */ = {
			isa = PBXSourcesBuildPhase;
			buildActionMask = 2147483647;
			files = (
				E7DEF14A2A85CBF7001E562A /* Simple_CalculatorTests.swift in Sources */,
			);
			runOnlyForDeploymentPostprocessing = 0;
		};
		E7DEF14B2A85CBF7001E562A /* Sources */ = {
			isa = PBXSourcesBuildPhase;
			buildActionMask = 2147483647;
			files = (
				E7DEF1562A85CBF7001E562A /* Simple_CalculatorUITestsLaunchTests.swift in Sources */,
				E7DEF1542A85CBF7001E562A /* Simple_CalculatorUITests.swift in Sources */,
			);
			runOnlyForDeploymentPostprocessing = 0;
		};
/* End PBXSourcesBuildPhase section */

/* Begin PBXTargetDependency section */
		E7DEF1472A85CBF7001E562A /* PBXTargetDependency */ = {
			isa = PBXTargetDependency;
			target = E7DEF1342A85CBF6001E562A /* Simple Calculator */;
			targetProxy = E7DEF1462A85CBF7001E562A /* PBXContainerItemProxy */;
		};
		E7DEF1512A85CBF7001E562A /* PBXTargetDependency */ = {
			isa = PBXTargetDependency;
			target = E7DEF1342A85CBF6001E562A /* Simple Calculator */;
			targetProxy = E7DEF1502A85CBF7001E562A /* PBXContainerItemProxy */;
		};
/* End PBXTargetDependency section */

/* Begin XCBuildConfiguration section */
		E7DEF1572A85CBF7001E562A /* Debug */ = {
			isa = XCBuildConfiguration;
			buildSettings = {
				ALWAYS_SEARCH_USER_PATHS = NO;
				CLANG_ANALYZER_NONNULL = YES;
				CLANG_ANALYZER_NUMBER_OBJECT_CONVERSION = YES_AGGRESSIVE;
				CLANG_CXX_LANGUAGE_STANDARD = "gnu++20";
				CLANG_ENABLE_MODULES = YES;
				CLANG_ENABLE_OBJC_ARC = YES;
				CLANG_ENABLE_OBJC_WEAK = YES;
				CLANG_WARN_BLOCK_CAPTURE_AUTORELEASING = YES;
				CLANG_WARN_BOOL_CONVERSION = YES;
				CLANG_WARN_COMMA = YES;
				CLANG_WARN_CONSTANT_CONVERSION = YES;
				CLANG_WARN_DEPRECATED_OBJC_IMPLEMENTATIONS = YES;
				CLANG_WARN_DIRECT_OBJC_ISA_USAGE = YES_ERROR;
				CLANG_WARN_DOCUMENTATION_COMMENTS = YES;
				CLANG_WARN_EMPTY_BODY = YES;
				CLANG_WARN_ENUM_CONVERSION = YES;
				CLANG_WARN_INFINITE_RECURSION = YES;
				CLANG_WARN_INT_CONVERSION = YES;
				CLANG_WARN_NON_LITERAL_NULL_CONVERSION = YES;
				CLANG_WARN_OBJC_IMPLICIT_RETAIN_SELF = YES;
				CLANG_WARN_OBJC_LITERAL_CONVERSION = YES;
				CLANG_WARN_OBJC_ROOT_CLASS = YES_ERROR;
				CLANG_WARN_QUOTED_INCLUDE_IN_FRAMEWORK_HEADER = YES;
				CLANG_WARN_RANGE_LOOP_ANALYSIS = YES;
				CLANG_WARN_STRICT_PROTOTYPES = YES;
				CLANG_WARN_SUSPICIOUS_MOVE = YES;
				CLANG_WARN_UNGUARDED_AVAILABILITY = YES_AGGRESSIVE;
				CLANG_WARN_UNREACHABLE_CODE = YES;
				CLANG_WARN__DUPLICATE_METHOD_MATCH = YES;
				COPY_PHASE_STRIP = NO;
				DEBUG_INFORMATION_FORMAT = dwarf;
				ENABLE_STRICT_OBJC_MSGSEND = YES;
				ENABLE_TESTABILITY = YES;
				GCC_C_LANGUAGE_STANDARD = gnu11;
				GCC_DYNAMIC_NO_PIC = NO;
				GCC_NO_COMMON_BLOCKS = YES;
				GCC_OPTIMIZATION_LEVEL = 0;
				GCC_PREPROCESSOR_DEFINITIONS = (
					"DEBUG=1",
					"$(inherited)",
				);
				GCC_WARN_64_TO_32_BIT_CONVERSION = YES;
				GCC_WARN_ABOUT_RETURN_TYPE = YES_ERROR;
				GCC_WARN_UNDECLARED_SELECTOR = YES;
				GCC_WARN_UNINITIALIZED_AUTOS = YES_AGGRESSIVE;
				GCC_WARN_UNUSED_FUNCTION = YES;
				GCC_WARN_UNUSED_VARIABLE = YES;
				IPHONEOS_DEPLOYMENT_TARGET = 16.4;
				MTL_ENABLE_DEBUG_INFO = INCLUDE_SOURCE;
				MTL_FAST_MATH = YES;
				ONLY_ACTIVE_ARCH = YES;
				SDKROOT = iphoneos;
				SWIFT_ACTIVE_COMPILATION_CONDITIONS = DEBUG;
				SWIFT_OPTIMIZATION_LEVEL = "-Onone";
			};
			name = Debug;
		};
		E7DEF1582A85CBF7001E562A /* Release */ = {
			isa = XCBuildConfiguration;
			buildSettings = {
				ALWAYS_SEARCH_USER_PATHS = NO;
				CLANG_ANALYZER_NONNULL = YES;
				CLANG_ANALYZER_NUMBER_OBJECT_CONVERSION = YES_AGGRESSIVE;
				CLANG_CXX_LANGUAGE_STANDARD = "gnu++20";
				CLANG_ENABLE_MODULES = YES;
				CLANG_ENABLE_OBJC_ARC = YES;
				CLANG_ENABLE_OBJC_WEAK = YES;
				CLANG_WARN_BLOCK_CAPTURE_AUTORELEASING = YES;
				CLANG_WARN_BOOL_CONVERSION = YES;
				CLANG_WARN_COMMA = YES;
				CLANG_WARN_CONSTANT_CONVERSION = YES;
				CLANG_WARN_DEPRECATED_OBJC_IMPLEMENTATIONS = YES;
				CLANG_WARN_DIRECT_OBJC_ISA_USAGE = YES_ERROR;
				CLANG_WARN_DOCUMENTATION_COMMENTS = YES;
				CLANG_WARN_EMPTY_BODY = YES;
				CLANG_WARN_ENUM_CONVERSION = YES;
				CLANG_WARN_INFINITE_RECURSION = YES;
				CLANG_WARN_INT_CONVERSION = YES;
				CLANG_WARN_NON_LITERAL_NULL_CONVERSION = YES;
				CLANG_WARN_OBJC_IMPLICIT_RETAIN_SELF = YES;
				CLANG_WARN_OBJC_LITERAL_CONVERSION = YES;
				CLANG_WARN_OBJC_ROOT_CLASS = YES_ERROR;
				CLANG_WARN_QUOTED_INCLUDE_IN_FRAMEWORK_HEADER = YES;
				CLANG_WARN_RANGE_LOOP_ANALYSIS = YES;
				CLANG_WARN_STRICT_PROTOTYPES = YES;
				CLANG_WARN_SUSPICIOUS_MOVE = YES;
				CLANG_WARN_UNGUARDED_AVAILABILITY = YES_AGGRESSIVE;
				CLANG_WARN_UNREACHABLE_CODE = YES;
				CLANG_WARN__DUPLICATE_METHOD_MATCH = YES;
				COPY_PHASE_STRIP = NO;
				DEBUG_INFORMATION_FORMAT = "dwarf-with-dsym";
				ENABLE_NS_ASSERTIONS = NO;
				ENABLE_STRICT_OBJC_MSGSEND = YES;
				GCC_C_LANGUAGE_STANDARD = gnu11;
				GCC_NO_COMMON_BLOCKS = YES;
				GCC_WARN_64_TO_32_BIT_CONVERSION = YES;
				GCC_WARN_ABOUT_RETURN_TYPE = YES_ERROR;
				GCC_WARN_UNDECLARED_SELECTOR = YES;
				GCC_WARN_UNINITIALIZED_AUTOS = YES_AGGRESSIVE;
				GCC_WARN_UNUSED_FUNCTION = YES;
				GCC_WARN_UNUSED_VARIABLE = YES;
				IPHONEOS_DEPLOYMENT_TARGET = 16.4;
				MTL_ENABLE_DEBUG_INFO = NO;
				MTL_FAST_MATH = YES;
				SDKROOT = iphoneos;
				SWIFT_COMPILATION_MODE = wholemodule;
				SWIFT_OPTIMIZATION_LEVEL = "-O";
				VALIDATE_PRODUCT = YES;
			};
			name = Release;
		};
		E7DEF15A2A85CBF7001E562A /* Debug */ = {
			isa = XCBuildConfiguration;
			buildSettings = {
				ASSETCATALOG_COMPILER_APPICON_NAME = AppIcon;
				ASSETCATALOG_COMPILER_GLOBAL_ACCENT_COLOR_NAME = AccentColor;
				CODE_SIGN_STYLE = Automatic;
				CURRENT_PROJECT_VERSION = 1;
				DEVELOPMENT_ASSET_PATHS = "\"Simple Calculator/Preview Content\"";
				DEVELOPMENT_TEAM = EWLRV4247C;
				ENABLE_PREVIEWS = YES;
				GENERATE_INFOPLIST_FILE = YES;
				INFOPLIST_FILE = "Simple-Calculator-Info.plist";
				INFOPLIST_KEY_CFBundleDisplayName = "Simple Calc - Basic Operations";
				INFOPLIST_KEY_LSApplicationCategoryType = "public.app-category.utilities";
				INFOPLIST_KEY_UIApplicationSceneManifest_Generation = YES;
				INFOPLIST_KEY_UIApplicationSupportsIndirectInputEvents = YES;
				INFOPLIST_KEY_UILaunchStoryboardName = "Launch Screen.storyboard";
				INFOPLIST_KEY_UISupportedInterfaceOrientations = UIInterfaceOrientationPortrait;
				IPHONEOS_DEPLOYMENT_TARGET = 16.4;
				LD_RUNPATH_SEARCH_PATHS = (
					"$(inherited)",
					"@executable_path/Frameworks",
				);
				MARKETING_VERSION = 1.0;
				PRODUCT_BUNDLE_IDENTIFIER = "dev.alananaya.Simple-Calculator";
				PRODUCT_NAME = "$(TARGET_NAME)";
				SUPPORTED_PLATFORMS = "iphoneos iphonesimulator";
				SUPPORTS_MACCATALYST = NO;
				SUPPORTS_MAC_DESIGNED_FOR_IPHONE_IPAD = YES;
				SWIFT_EMIT_LOC_STRINGS = YES;
				SWIFT_VERSION = 5.0;
				TARGETED_DEVICE_FAMILY = 2;
			};
			name = Debug;
		};
		E7DEF15B2A85CBF7001E562A /* Release */ = {
			isa = XCBuildConfiguration;
			buildSettings = {
				ASSETCATALOG_COMPILER_APPICON_NAME = AppIcon;
				ASSETCATALOG_COMPILER_GLOBAL_ACCENT_COLOR_NAME = AccentColor;
				CODE_SIGN_STYLE = Automatic;
				CURRENT_PROJECT_VERSION = 1;
				DEVELOPMENT_ASSET_PATHS = "\"Simple Calculator/Preview Content\"";
				DEVELOPMENT_TEAM = EWLRV4247C;
				ENABLE_PREVIEWS = YES;
				GENERATE_INFOPLIST_FILE = YES;
				INFOPLIST_FILE = "Simple-Calculator-Info.plist";
				INFOPLIST_KEY_CFBundleDisplayName = "Simple Calc - Basic Operations";
				INFOPLIST_KEY_LSApplicationCategoryType = "public.app-category.utilities";
				INFOPLIST_KEY_UIApplicationSceneManifest_Generation = YES;
				INFOPLIST_KEY_UIApplicationSupportsIndirectInputEvents = YES;
				INFOPLIST_KEY_UILaunchStoryboardName = "Launch Screen.storyboard";
				INFOPLIST_KEY_UISupportedInterfaceOrientations = UIInterfaceOrientationPortrait;
				IPHONEOS_DEPLOYMENT_TARGET = 16.4;
				LD_RUNPATH_SEARCH_PATHS = (
					"$(inherited)",
					"@executable_path/Frameworks",
				);
				MARKETING_VERSION = 1.0;
				PRODUCT_BUNDLE_IDENTIFIER = "dev.alananaya.Simple-Calculator";
				PRODUCT_NAME = "$(TARGET_NAME)";
				SUPPORTED_PLATFORMS = "iphoneos iphonesimulator";
				SUPPORTS_MACCATALYST = NO;
				SUPPORTS_MAC_DESIGNED_FOR_IPHONE_IPAD = YES;
				SWIFT_EMIT_LOC_STRINGS = YES;
				SWIFT_VERSION = 5.0;
				TARGETED_DEVICE_FAMILY = 2;
			};
			name = Release;
		};
		E7DEF15D2A85CBF7001E562A /* Debug */ = {
			isa = XCBuildConfiguration;
			buildSettings = {
				ALWAYS_EMBED_SWIFT_STANDARD_LIBRARIES = YES;
				BUNDLE_LOADER = "$(TEST_HOST)";
				CODE_SIGN_STYLE = Automatic;
				CURRENT_PROJECT_VERSION = 1;
				DEVELOPMENT_TEAM = EWLRV4247C;
				GENERATE_INFOPLIST_FILE = YES;
				IPHONEOS_DEPLOYMENT_TARGET = 16.4;
				MARKETING_VERSION = 1.0;
				PRODUCT_BUNDLE_IDENTIFIER = "dev.alananaya.Simple-CalculatorTests";
				PRODUCT_NAME = "$(TARGET_NAME)";
				SWIFT_EMIT_LOC_STRINGS = NO;
				SWIFT_VERSION = 5.0;
				TARGETED_DEVICE_FAMILY = "1,2";
				TEST_HOST = "$(BUILT_PRODUCTS_DIR)/Simple Calculator.app/$(BUNDLE_EXECUTABLE_FOLDER_PATH)/Simple Calculator";
			};
			name = Debug;
		};
		E7DEF15E2A85CBF7001E562A /* Release */ = {
			isa = XCBuildConfiguration;
			buildSettings = {
				ALWAYS_EMBED_SWIFT_STANDARD_LIBRARIES = YES;
				BUNDLE_LOADER = "$(TEST_HOST)";
				CODE_SIGN_STYLE = Automatic;
				CURRENT_PROJECT_VERSION = 1;
				DEVELOPMENT_TEAM = EWLRV4247C;
				GENERATE_INFOPLIST_FILE = YES;
				IPHONEOS_DEPLOYMENT_TARGET = 16.4;
				MARKETING_VERSION = 1.0;
				PRODUCT_BUNDLE_IDENTIFIER = "dev.alananaya.Simple-CalculatorTests";
				PRODUCT_NAME = "$(TARGET_NAME)";
				SWIFT_EMIT_LOC_STRINGS = NO;
				SWIFT_VERSION = 5.0;
				TARGETED_DEVICE_FAMILY = "1,2";
				TEST_HOST = "$(BUILT_PRODUCTS_DIR)/Simple Calculator.app/$(BUNDLE_EXECUTABLE_FOLDER_PATH)/Simple Calculator";
			};
			name = Release;
		};
		E7DEF1602A85CBF7001E562A /* Debug */ = {
			isa = XCBuildConfiguration;
			buildSettings = {
				ALWAYS_EMBED_SWIFT_STANDARD_LIBRARIES = YES;
				CODE_SIGN_STYLE = Automatic;
				CURRENT_PROJECT_VERSION = 1;
				DEVELOPMENT_TEAM = EWLRV4247C;
				GENERATE_INFOPLIST_FILE = YES;
				MARKETING_VERSION = 1.0;
				PRODUCT_BUNDLE_IDENTIFIER = "dev.alananaya.Simple-CalculatorUITests";
				PRODUCT_NAME = "$(TARGET_NAME)";
				SWIFT_EMIT_LOC_STRINGS = NO;
				SWIFT_VERSION = 5.0;
				TARGETED_DEVICE_FAMILY = "1,2";
				TEST_TARGET_NAME = "Simple Calculator";
			};
			name = Debug;
		};
		E7DEF1612A85CBF7001E562A /* Release */ = {
			isa = XCBuildConfiguration;
			buildSettings = {
				ALWAYS_EMBED_SWIFT_STANDARD_LIBRARIES = YES;
				CODE_SIGN_STYLE = Automatic;
				CURRENT_PROJECT_VERSION = 1;
				DEVELOPMENT_TEAM = EWLRV4247C;
				GENERATE_INFOPLIST_FILE = YES;
				MARKETING_VERSION = 1.0;
				PRODUCT_BUNDLE_IDENTIFIER = "dev.alananaya.Simple-CalculatorUITests";
				PRODUCT_NAME = "$(TARGET_NAME)";
				SWIFT_EMIT_LOC_STRINGS = NO;
				SWIFT_VERSION = 5.0;
				TARGETED_DEVICE_FAMILY = "1,2";
				TEST_TARGET_NAME = "Simple Calculator";
			};
			name = Release;
		};
/* End XCBuildConfiguration section */

/* Begin XCConfigurationList section */
		E7DEF1302A85CBF6001E562A /* Build configuration list for PBXProject "Simple Calculator" */ = {
			isa = XCConfigurationList;
			buildConfigurations = (
				E7DEF1572A85CBF7001E562A /* Debug */,
				E7DEF1582A85CBF7001E562A /* Release */,
			);
			defaultConfigurationIsVisible = 0;
			defaultConfigurationName = Release;
		};
		E7DEF1592A85CBF7001E562A /* Build configuration list for PBXNativeTarget "Simple Calculator" */ = {
			isa = XCConfigurationList;
			buildConfigurations = (
				E7DEF15A2A85CBF7001E562A /* Debug */,
				E7DEF15B2A85CBF7001E562A /* Release */,
			);
			defaultConfigurationIsVisible = 0;
			defaultConfigurationName = Release;
		};
		E7DEF15C2A85CBF7001E562A /* Build configuration list for PBXNativeTarget "Simple CalculatorTests" */ = {
			isa = XCConfigurationList;
			buildConfigurations = (
				E7DEF15D2A85CBF7001E562A /* Debug */,
				E7DEF15E2A85CBF7001E562A /* Release */,
			);
			defaultConfigurationIsVisible = 0;
			defaultConfigurationName = Release;
		};
		E7DEF15F2A85CBF7001E562A /* Build configuration list for PBXNativeTarget "Simple CalculatorUITests" */ = {
			isa = XCConfigurationList;
			buildConfigurations = (
				E7DEF1602A85CBF7001E562A /* Debug */,
				E7DEF1612A85CBF7001E562A /* Release */,
			);
			defaultConfigurationIsVisible = 0;
			defaultConfigurationName = Release;
		};
/* End XCConfigurationList section */
	};
	rootObject = E7DEF12D2A85CBF6001E562A /* Project object */;
}
